// !$*UTF8*$!
{
	archiveVersion = 1;
	classes = {
	};
	objectVersion = 77;
	objects = {

/* Begin PBXBuildFile section */
		01655A352D0C433200E663CA /* GoogleSignIn in Frameworks */ = {isa = PBXBuildFile; productRef = 01655A342D0C433200E663CA /* GoogleSignIn */; };
		01655A372D0C433600E663CA /* GoogleSignInSwift in Frameworks */ = {isa = PBXBuildFile; productRef = 01655A362D0C433600E663CA /* GoogleSignInSwift */; };
/* End PBXBuildFile section */

/* Begin PBXContainerItemProxy section */
		016559B52D0C326200E663CA /* PBXContainerItemProxy */ = {
			isa = PBXContainerItemProxy;
			containerPortal = 0165599C2D0C326100E663CA /* Project object */;
			proxyType = 1;
			remoteGlobalIDString = 016559A32D0C326100E663CA;
			remoteInfo = Gtor;
		};
		016559BF2D0C326200E663CA /* PBXContainerItemProxy */ = {
			isa = PBXContainerItemProxy;
			containerPortal = 0165599C2D0C326100E663CA /* Project object */;
			proxyType = 1;
			remoteGlobalIDString = 016559A32D0C326100E663CA;
			remoteInfo = Gtor;
		};
/* End PBXContainerItemProxy section */

/* Begin PBXFileReference section */
		016559A42D0C326100E663CA /* Gtor.app */ = {isa = PBXFileReference; explicitFileType = wrapper.application; includeInIndex = 0; path = Gtor.app; sourceTree = BUILT_PRODUCTS_DIR; };
		016559B42D0C326200E663CA /* GtorTests.xctest */ = {isa = PBXFileReference; explicitFileType = wrapper.cfbundle; includeInIndex = 0; path = GtorTests.xctest; sourceTree = BUILT_PRODUCTS_DIR; };
		016559BE2D0C326200E663CA /* GtorUITests.xctest */ = {isa = PBXFileReference; explicitFileType = wrapper.cfbundle; includeInIndex = 0; path = GtorUITests.xctest; sourceTree = BUILT_PRODUCTS_DIR; };
/* End PBXFileReference section */

/* Begin PBXFileSystemSynchronizedBuildFileExceptionSet section */
		01655A562D0C77BC00E663CA /* Exceptions for "Gtor" folder in "Gtor" target */ = {
			isa = PBXFileSystemSynchronizedBuildFileExceptionSet;
			membershipExceptions = (
				Info.plist,
			);
			target = 016559A32D0C326100E663CA /* Gtor */;
		};
/* End PBXFileSystemSynchronizedBuildFileExceptionSet section */

/* Begin PBXFileSystemSynchronizedRootGroup section */
		016559A62D0C326100E663CA /* Gtor */ = {
			isa = PBXFileSystemSynchronizedRootGroup;
			exceptions = (
				01655A562D0C77BC00E663CA /* Exceptions for "Gtor" folder in "Gtor" target */,
			);
			path = Gtor;
			sourceTree = "<group>";
		};
		016559B72D0C326200E663CA /* GtorTests */ = {
			isa = PBXFileSystemSynchronizedRootGroup;
			path = GtorTests;
			sourceTree = "<group>";
		};
		016559C12D0C326200E663CA /* GtorUITests */ = {
			isa = PBXFileSystemSynchronizedRootGroup;
			path = GtorUITests;
			sourceTree = "<group>";
		};
/* End PBXFileSystemSynchronizedRootGroup section */

/* Begin PBXFrameworksBuildPhase section */
		016559A12D0C326100E663CA /* Frameworks */ = {
			isa = PBXFrameworksBuildPhase;
			buildActionMask = 2147483647;
			files = (
				01655A352D0C433200E663CA /* GoogleSignIn in Frameworks */,
				01655A372D0C433600E663CA /* GoogleSignInSwift in Frameworks */,
			);
			runOnlyForDeploymentPostprocessing = 0;
		};
		016559B12D0C326200E663CA /* Frameworks */ = {
			isa = PBXFrameworksBuildPhase;
			buildActionMask = 2147483647;
			files = (
			);
			runOnlyForDeploymentPostprocessing = 0;
		};
		016559BB2D0C326200E663CA /* Frameworks */ = {
			isa = PBXFrameworksBuildPhase;
			buildActionMask = 2147483647;
			files = (
			);
			runOnlyForDeploymentPostprocessing = 0;
		};
/* End PBXFrameworksBuildPhase section */

/* Begin PBXGroup section */
		0165599B2D0C326100E663CA = {
			isa = PBXGroup;
			children = (
				016559A62D0C326100E663CA /* Gtor */,
				016559B72D0C326200E663CA /* GtorTests */,
				016559C12D0C326200E663CA /* GtorUITests */,
				016559FF2D0C34D900E663CA /* Frameworks */,
				016559A52D0C326100E663CA /* Products */,
			);
			sourceTree = "<group>";
		};
		016559A52D0C326100E663CA /* Products */ = {
			isa = PBXGroup;
			children = (
				016559A42D0C326100E663CA /* Gtor.app */,
				016559B42D0C326200E663CA /* GtorTests.xctest */,
				016559BE2D0C326200E663CA /* GtorUITests.xctest */,
			);
			name = Products;
			sourceTree = "<group>";
		};
		016559FF2D0C34D900E663CA /* Frameworks */ = {
			isa = PBXGroup;
			children = (
			);
			name = Frameworks;
			sourceTree = "<group>";
		};
/* End PBXGroup section */

/* Begin PBXNativeTarget section */
		016559A32D0C326100E663CA /* Gtor */ = {
			isa = PBXNativeTarget;
			buildConfigurationList = 016559C82D0C326200E663CA /* Build configuration list for PBXNativeTarget "Gtor" */;
			buildPhases = (
				016559A02D0C326100E663CA /* Sources */,
				016559A12D0C326100E663CA /* Frameworks */,
				016559A22D0C326100E663CA /* Resources */,
			);
			buildRules = (
			);
			dependencies = (
				01655A332D0C42FB00E663CA /* PBXTargetDependency */,
				01655A312D0C42F700E663CA /* PBXTargetDependency */,
			);
			fileSystemSynchronizedGroups = (
				016559A62D0C326100E663CA /* Gtor */,
			);
			name = Gtor;
			packageProductDependencies = (
				01655A342D0C433200E663CA /* GoogleSignIn */,
				01655A362D0C433600E663CA /* GoogleSignInSwift */,
			);
			productName = Gtor;
			productReference = 016559A42D0C326100E663CA /* Gtor.app */;
			productType = "com.apple.product-type.application";
		};
		016559B32D0C326200E663CA /* GtorTests */ = {
			isa = PBXNativeTarget;
			buildConfigurationList = 016559CB2D0C326200E663CA /* Build configuration list for PBXNativeTarget "GtorTests" */;
			buildPhases = (
				016559B02D0C326200E663CA /* Sources */,
				016559B12D0C326200E663CA /* Frameworks */,
				016559B22D0C326200E663CA /* Resources */,
			);
			buildRules = (
			);
			dependencies = (
				016559B62D0C326200E663CA /* PBXTargetDependency */,
			);
			fileSystemSynchronizedGroups = (
				016559B72D0C326200E663CA /* GtorTests */,
			);
			name = GtorTests;
			packageProductDependencies = (
			);
			productName = GtorTests;
			productReference = 016559B42D0C326200E663CA /* GtorTests.xctest */;
			productType = "com.apple.product-type.bundle.unit-test";
		};
		016559BD2D0C326200E663CA /* GtorUITests */ = {
			isa = PBXNativeTarget;
			buildConfigurationList = 016559CE2D0C326200E663CA /* Build configuration list for PBXNativeTarget "GtorUITests" */;
			buildPhases = (
				016559BA2D0C326200E663CA /* Sources */,
				016559BB2D0C326200E663CA /* Frameworks */,
				016559BC2D0C326200E663CA /* Resources */,
			);
			buildRules = (
			);
			dependencies = (
				016559C02D0C326200E663CA /* PBXTargetDependency */,
			);
			fileSystemSynchronizedGroups = (
				016559C12D0C326200E663CA /* GtorUITests */,
			);
			name = GtorUITests;
			packageProductDependencies = (
			);
			productName = GtorUITests;
			productReference = 016559BE2D0C326200E663CA /* GtorUITests.xctest */;
			productType = "com.apple.product-type.bundle.ui-testing";
		};
/* End PBXNativeTarget section */

/* Begin PBXProject section */
		0165599C2D0C326100E663CA /* Project object */ = {
			isa = PBXProject;
			attributes = {
				BuildIndependentTargetsInParallel = 1;
				LastSwiftUpdateCheck = 1610;
				LastUpgradeCheck = 1610;
				TargetAttributes = {
					016559A32D0C326100E663CA = {
						CreatedOnToolsVersion = 16.1;
					};
					016559B32D0C326200E663CA = {
						CreatedOnToolsVersion = 16.1;
						TestTargetID = 016559A32D0C326100E663CA;
					};
					016559BD2D0C326200E663CA = {
						CreatedOnToolsVersion = 16.1;
						TestTargetID = 016559A32D0C326100E663CA;
					};
				};
			};
			buildConfigurationList = 0165599F2D0C326100E663CA /* Build configuration list for PBXProject "Gtor" */;
			developmentRegion = en;
			hasScannedForEncodings = 0;
			knownRegions = (
				en,
				Base,
			);
			mainGroup = 0165599B2D0C326100E663CA;
			minimizedProjectReferenceProxies = 1;
			packageReferences = (
				01655A2F2D0C42ED00E663CA /* XCRemoteSwiftPackageReference "GoogleSignIn-iOS" */,
			);
			preferredProjectObjectVersion = 77;
			productRefGroup = 016559A52D0C326100E663CA /* Products */;
			projectDirPath = "";
			projectRoot = "";
			targets = (
				016559A32D0C326100E663CA /* Gtor */,
				016559B32D0C326200E663CA /* GtorTests */,
				016559BD2D0C326200E663CA /* GtorUITests */,
			);
		};
/* End PBXProject section */

/* Begin PBXResourcesBuildPhase section */
		016559A22D0C326100E663CA /* Resources */ = {
			isa = PBXResourcesBuildPhase;
			buildActionMask = 2147483647;
			files = (
			);
			runOnlyForDeploymentPostprocessing = 0;
		};
		016559B22D0C326200E663CA /* Resources */ = {
			isa = PBXResourcesBuildPhase;
			buildActionMask = 2147483647;
			files = (
			);
			runOnlyForDeploymentPostprocessing = 0;
		};
		016559BC2D0C326200E663CA /* Resources */ = {
			isa = PBXResourcesBuildPhase;
			buildActionMask = 2147483647;
			files = (
			);
			runOnlyForDeploymentPostprocessing = 0;
		};
/* End PBXResourcesBuildPhase section */

/* Begin PBXSourcesBuildPhase section */
		016559A02D0C326100E663CA /* Sources */ = {
			isa = PBXSourcesBuildPhase;
			buildActionMask = 2147483647;
			files = (
			);
			runOnlyForDeploymentPostprocessing = 0;
		};
		016559B02D0C326200E663CA /* Sources */ = {
			isa = PBXSourcesBuildPhase;
			buildActionMask = 2147483647;
			files = (
			);
			runOnlyForDeploymentPostprocessing = 0;
		};
		016559BA2D0C326200E663CA /* Sources */ = {
			isa = PBXSourcesBuildPhase;
			buildActionMask = 2147483647;
			files = (
			);
			runOnlyForDeploymentPostprocessing = 0;
		};
/* End PBXSourcesBuildPhase section */

/* Begin PBXTargetDependency section */
		016559B62D0C326200E663CA /* PBXTargetDependency */ = {
			isa = PBXTargetDependency;
			target = 016559A32D0C326100E663CA /* Gtor */;
			targetProxy = 016559B52D0C326200E663CA /* PBXContainerItemProxy */;
		};
		016559C02D0C326200E663CA /* PBXTargetDependency */ = {
			isa = PBXTargetDependency;
			target = 016559A32D0C326100E663CA /* Gtor */;
			targetProxy = 016559BF2D0C326200E663CA /* PBXContainerItemProxy */;
		};
		01655A312D0C42F700E663CA /* PBXTargetDependency */ = {
			isa = PBXTargetDependency;
			productRef = 01655A302D0C42F700E663CA /* GoogleSignIn */;
		};
		01655A332D0C42FB00E663CA /* PBXTargetDependency */ = {
			isa = PBXTargetDependency;
			productRef = 01655A322D0C42FB00E663CA /* GoogleSignInSwift */;
		};
/* End PBXTargetDependency section */

/* Begin XCBuildConfiguration section */
		016559C62D0C326200E663CA /* Debug */ = {
			isa = XCBuildConfiguration;
			buildSettings = {
				ALWAYS_SEARCH_USER_PATHS = NO;
				ASSETCATALOG_COMPILER_GENERATE_SWIFT_ASSET_SYMBOL_EXTENSIONS = YES;
				CLANG_ANALYZER_NONNULL = YES;
				CLANG_ANALYZER_NUMBER_OBJECT_CONVERSION = YES_AGGRESSIVE;
				CLANG_CXX_LANGUAGE_STANDARD = "gnu++20";
				CLANG_ENABLE_MODULES = YES;
				CLANG_ENABLE_OBJC_ARC = YES;
				CLANG_ENABLE_OBJC_WEAK = YES;
				CLANG_WARN_BLOCK_CAPTURE_AUTORELEASING = YES;
				CLANG_WARN_BOOL_CONVERSION = YES;
				CLANG_WARN_COMMA = YES;
				CLANG_WARN_CONSTANT_CONVERSION = YES;
				CLANG_WARN_DEPRECATED_OBJC_IMPLEMENTATIONS = YES;
				CLANG_WARN_DIRECT_OBJC_ISA_USAGE = YES_ERROR;
				CLANG_WARN_DOCUMENTATION_COMMENTS = YES;
				CLANG_WARN_EMPTY_BODY = YES;
				CLANG_WARN_ENUM_CONVERSION = YES;
				CLANG_WARN_INFINITE_RECURSION = YES;
				CLANG_WARN_INT_CONVERSION = YES;
				CLANG_WARN_NON_LITERAL_NULL_CONVERSION = YES;
				CLANG_WARN_OBJC_IMPLICIT_RETAIN_SELF = YES;
				CLANG_WARN_OBJC_LITERAL_CONVERSION = YES;
				CLANG_WARN_OBJC_ROOT_CLASS = YES_ERROR;
				CLANG_WARN_QUOTED_INCLUDE_IN_FRAMEWORK_HEADER = YES;
				CLANG_WARN_RANGE_LOOP_ANALYSIS = YES;
				CLANG_WARN_STRICT_PROTOTYPES = YES;
				CLANG_WARN_SUSPICIOUS_MOVE = YES;
				CLANG_WARN_UNGUARDED_AVAILABILITY = YES_AGGRESSIVE;
				CLANG_WARN_UNREACHABLE_CODE = YES;
				CLANG_WARN__DUPLICATE_METHOD_MATCH = YES;
				COPY_PHASE_STRIP = NO;
				DEBUG_INFORMATION_FORMAT = dwarf;
				ENABLE_STRICT_OBJC_MSGSEND = YES;
				ENABLE_TESTABILITY = YES;
				ENABLE_USER_SCRIPT_SANDBOXING = YES;
				GCC_C_LANGUAGE_STANDARD = gnu17;
				GCC_DYNAMIC_NO_PIC = NO;
				GCC_NO_COMMON_BLOCKS = YES;
				GCC_OPTIMIZATION_LEVEL = 0;
				GCC_PREPROCESSOR_DEFINITIONS = (
					"DEBUG=1",
					"$(inherited)",
				);
				GCC_WARN_64_TO_32_BIT_CONVERSION = YES;
				GCC_WARN_ABOUT_RETURN_TYPE = YES_ERROR;
				GCC_WARN_UNDECLARED_SELECTOR = YES;
				GCC_WARN_UNINITIALIZED_AUTOS = YES_AGGRESSIVE;
				GCC_WARN_UNUSED_FUNCTION = YES;
				GCC_WARN_UNUSED_VARIABLE = YES;
				GENERATE_INFOPLIST_FILE = YES;
				IPHONEOS_DEPLOYMENT_TARGET = 18.1;
				LOCALIZATION_PREFERS_STRING_CATALOGS = YES;
				MTL_ENABLE_DEBUG_INFO = INCLUDE_SOURCE;
				MTL_FAST_MATH = YES;
				ONLY_ACTIVE_ARCH = YES;
				SDKROOT = iphoneos;
				SWIFT_ACTIVE_COMPILATION_CONDITIONS = "DEBUG $(inherited)";
				SWIFT_OPTIMIZATION_LEVEL = "-Onone";
			};
			name = Debug;
		};
		016559C72D0C326200E663CA /* Release */ = {
			isa = XCBuildConfiguration;
			buildSettings = {
				ALWAYS_SEARCH_USER_PATHS = NO;
				ASSETCATALOG_COMPILER_GENERATE_SWIFT_ASSET_SYMBOL_EXTENSIONS = YES;
				CLANG_ANALYZER_NONNULL = YES;
				CLANG_ANALYZER_NUMBER_OBJECT_CONVERSION = YES_AGGRESSIVE;
				CLANG_CXX_LANGUAGE_STANDARD = "gnu++20";
				CLANG_ENABLE_MODULES = YES;
				CLANG_ENABLE_OBJC_ARC = YES;
				CLANG_ENABLE_OBJC_WEAK = YES;
				CLANG_WARN_BLOCK_CAPTURE_AUTORELEASING = YES;
				CLANG_WARN_BOOL_CONVERSION = YES;
				CLANG_WARN_COMMA = YES;
				CLANG_WARN_CONSTANT_CONVERSION = YES;
				CLANG_WARN_DEPRECATED_OBJC_IMPLEMENTATIONS = YES;
				CLANG_WARN_DIRECT_OBJC_ISA_USAGE = YES_ERROR;
				CLANG_WARN_DOCUMENTATION_COMMENTS = YES;
				CLANG_WARN_EMPTY_BODY = YES;
				CLANG_WARN_ENUM_CONVERSION = YES;
				CLANG_WARN_INFINITE_RECURSION = YES;
				CLANG_WARN_INT_CONVERSION = YES;
				CLANG_WARN_NON_LITERAL_NULL_CONVERSION = YES;
				CLANG_WARN_OBJC_IMPLICIT_RETAIN_SELF = YES;
				CLANG_WARN_OBJC_LITERAL_CONVERSION = YES;
				CLANG_WARN_OBJC_ROOT_CLASS = YES_ERROR;
				CLANG_WARN_QUOTED_INCLUDE_IN_FRAMEWORK_HEADER = YES;
				CLANG_WARN_RANGE_LOOP_ANALYSIS = YES;
				CLANG_WARN_STRICT_PROTOTYPES = YES;
				CLANG_WARN_SUSPICIOUS_MOVE = YES;
				CLANG_WARN_UNGUARDED_AVAILABILITY = YES_AGGRESSIVE;
				CLANG_WARN_UNREACHABLE_CODE = YES;
				CLANG_WARN__DUPLICATE_METHOD_MATCH = YES;
				COPY_PHASE_STRIP = NO;
				DEBUG_INFORMATION_FORMAT = "dwarf-with-dsym";
				ENABLE_NS_ASSERTIONS = NO;
				ENABLE_STRICT_OBJC_MSGSEND = YES;
				ENABLE_USER_SCRIPT_SANDBOXING = YES;
				GCC_C_LANGUAGE_STANDARD = gnu17;
				GCC_NO_COMMON_BLOCKS = YES;
				GCC_WARN_64_TO_32_BIT_CONVERSION = YES;
				GCC_WARN_ABOUT_RETURN_TYPE = YES_ERROR;
				GCC_WARN_UNDECLARED_SELECTOR = YES;
				GCC_WARN_UNINITIALIZED_AUTOS = YES_AGGRESSIVE;
				GCC_WARN_UNUSED_FUNCTION = YES;
				GCC_WARN_UNUSED_VARIABLE = YES;
				GENERATE_INFOPLIST_FILE = YES;
				IPHONEOS_DEPLOYMENT_TARGET = 18.1;
				LOCALIZATION_PREFERS_STRING_CATALOGS = YES;
				MTL_ENABLE_DEBUG_INFO = NO;
				MTL_FAST_MATH = YES;
				SDKROOT = iphoneos;
				SWIFT_COMPILATION_MODE = wholemodule;
				VALIDATE_PRODUCT = YES;
			};
			name = Release;
		};
		016559C92D0C326200E663CA /* Debug */ = {
			isa = XCBuildConfiguration;
			buildSettings = {
				ASSETCATALOG_COMPILER_APPICON_NAME = AppIcon;
				ASSETCATALOG_COMPILER_GLOBAL_ACCENT_COLOR_NAME = AccentColor;
				CODE_SIGN_STYLE = Automatic;
				CURRENT_PROJECT_VERSION = 1;
				DEVELOPMENT_ASSET_PATHS = "\"Gtor/Preview Content\"";
				DEVELOPMENT_TEAM = A865KUSYX7;
				ENABLE_PREVIEWS = YES;
				GENERATE_INFOPLIST_FILE = YES;
				INFOPLIST_FILE = Gtor/Info.plist;
				INFOPLIST_KEY_UIApplicationSceneManifest_Generation = YES;
				INFOPLIST_KEY_UIApplicationSupportsIndirectInputEvents = YES;
				INFOPLIST_KEY_UILaunchScreen_Generation = YES;
				INFOPLIST_KEY_UISupportedInterfaceOrientations_iPad = "UIInterfaceOrientationPortrait UIInterfaceOrientationPortraitUpsideDown UIInterfaceOrientationLandscapeLeft UIInterfaceOrientationLandscapeRight";
				INFOPLIST_KEY_UISupportedInterfaceOrientations_iPhone = "UIInterfaceOrientationPortrait UIInterfaceOrientationLandscapeLeft UIInterfaceOrientationLandscapeRight";
				LD_RUNPATH_SEARCH_PATHS = (
					"$(inherited)",
					"@executable_path/Frameworks",
				);
				MARKETING_VERSION = 1.0;
				PRODUCT_BUNDLE_IDENTIFIER = presidio.Gtor;
				PRODUCT_NAME = "$(TARGET_NAME)";
				SWIFT_EMIT_LOC_STRINGS = YES;
				SWIFT_VERSION = 5.0;
				TARGETED_DEVICE_FAMILY = "1,2";
			};
			name = Debug;
		};
		016559CA2D0C326200E663CA /* Release */ = {
			isa = XCBuildConfiguration;
			buildSettings = {
				ASSETCATALOG_COMPILER_APPICON_NAME = AppIcon;
				ASSETCATALOG_COMPILER_GLOBAL_ACCENT_COLOR_NAME = AccentColor;
				CODE_SIGN_STYLE = Automatic;
				CURRENT_PROJECT_VERSION = 1;
				DEVELOPMENT_ASSET_PATHS = "\"Gtor/Preview Content\"";
				DEVELOPMENT_TEAM = A865KUSYX7;
				ENABLE_PREVIEWS = YES;
				GENERATE_INFOPLIST_FILE = YES;
				INFOPLIST_FILE = Gtor/Info.plist;
				INFOPLIST_KEY_UIApplicationSceneManifest_Generation = YES;
				INFOPLIST_KEY_UIApplicationSupportsIndirectInputEvents = YES;
				INFOPLIST_KEY_UILaunchScreen_Generation = YES;
				INFOPLIST_KEY_UISupportedInterfaceOrientations_iPad = "UIInterfaceOrientationPortrait UIInterfaceOrientationPortraitUpsideDown UIInterfaceOrientationLandscapeLeft UIInterfaceOrientationLandscapeRight";
				INFOPLIST_KEY_UISupportedInterfaceOrientations_iPhone = "UIInterfaceOrientationPortrait UIInterfaceOrientationLandscapeLeft UIInterfaceOrientationLandscapeRight";
				LD_RUNPATH_SEARCH_PATHS = (
					"$(inherited)",
					"@executable_path/Frameworks",
				);
				MARKETING_VERSION = 1.0;
				PRODUCT_BUNDLE_IDENTIFIER = presidio.Gtor;
				PRODUCT_NAME = "$(TARGET_NAME)";
				SWIFT_EMIT_LOC_STRINGS = YES;
				SWIFT_VERSION = 5.0;
				TARGETED_DEVICE_FAMILY = "1,2";
			};
			name = Release;
		};
		016559CC2D0C326200E663CA /* Debug */ = {
			isa = XCBuildConfiguration;
			buildSettings = {
				BUNDLE_LOADER = "$(TEST_HOST)";
				CODE_SIGN_STYLE = Automatic;
				CURRENT_PROJECT_VERSION = 1;
				DEVELOPMENT_TEAM = A865KUSYX7;
				GENERATE_INFOPLIST_FILE = YES;
				IPHONEOS_DEPLOYMENT_TARGET = 18.1;
				MARKETING_VERSION = 1.0;
				PRODUCT_BUNDLE_IDENTIFIER = presidio.GtorTests;
				PRODUCT_NAME = "$(TARGET_NAME)";
				SWIFT_EMIT_LOC_STRINGS = NO;
				SWIFT_VERSION = 5.0;
				TARGETED_DEVICE_FAMILY = "1,2";
				TEST_HOST = "$(BUILT_PRODUCTS_DIR)/Gtor.app/$(BUNDLE_EXECUTABLE_FOLDER_PATH)/Gtor";
			};
			name = Debug;
		};
		016559CD2D0C326200E663CA /* Release */ = {
			isa = XCBuildConfiguration;
			buildSettings = {
				BUNDLE_LOADER = "$(TEST_HOST)";
				CODE_SIGN_STYLE = Automatic;
				CURRENT_PROJECT_VERSION = 1;
				DEVELOPMENT_TEAM = A865KUSYX7;
				GENERATE_INFOPLIST_FILE = YES;
				IPHONEOS_DEPLOYMENT_TARGET = 18.1;
				MARKETING_VERSION = 1.0;
				PRODUCT_BUNDLE_IDENTIFIER = presidio.GtorTests;
				PRODUCT_NAME = "$(TARGET_NAME)";
				SWIFT_EMIT_LOC_STRINGS = NO;
				SWIFT_VERSION = 5.0;
				TARGETED_DEVICE_FAMILY = "1,2";
				TEST_HOST = "$(BUILT_PRODUCTS_DIR)/Gtor.app/$(BUNDLE_EXECUTABLE_FOLDER_PATH)/Gtor";
			};
			name = Release;
		};
		016559CF2D0C326200E663CA /* Debug */ = {
			isa = XCBuildConfiguration;
			buildSettings = {
				CODE_SIGN_STYLE = Automatic;
				CURRENT_PROJECT_VERSION = 1;
				DEVELOPMENT_TEAM = A865KUSYX7;
				GENERATE_INFOPLIST_FILE = YES;
				MARKETING_VERSION = 1.0;
				PRODUCT_BUNDLE_IDENTIFIER = presidio.GtorUITests;
				PRODUCT_NAME = "$(TARGET_NAME)";
				SWIFT_EMIT_LOC_STRINGS = NO;
				SWIFT_VERSION = 5.0;
				TARGETED_DEVICE_FAMILY = "1,2";
				TEST_TARGET_NAME = Gtor;
			};
			name = Debug;
		};
		016559D02D0C326200E663CA /* Release */ = {
			isa = XCBuildConfiguration;
			buildSettings = {
				CODE_SIGN_STYLE = Automatic;
				CURRENT_PROJECT_VERSION = 1;
				DEVELOPMENT_TEAM = A865KUSYX7;
				GENERATE_INFOPLIST_FILE = YES;
				MARKETING_VERSION = 1.0;
				PRODUCT_BUNDLE_IDENTIFIER = presidio.GtorUITests;
				PRODUCT_NAME = "$(TARGET_NAME)";
				SWIFT_EMIT_LOC_STRINGS = NO;
				SWIFT_VERSION = 5.0;
				TARGETED_DEVICE_FAMILY = "1,2";
				TEST_TARGET_NAME = Gtor;
			};
			name = Release;
		};
/* End XCBuildConfiguration section */

/* Begin XCConfigurationList section */
		0165599F2D0C326100E663CA /* Build configuration list for PBXProject "Gtor" */ = {
			isa = XCConfigurationList;
			buildConfigurations = (
				016559C62D0C326200E663CA /* Debug */,
				016559C72D0C326200E663CA /* Release */,
			);
			defaultConfigurationIsVisible = 0;
			defaultConfigurationName = Release;
		};
		016559C82D0C326200E663CA /* Build configuration list for PBXNativeTarget "Gtor" */ = {
			isa = XCConfigurationList;
			buildConfigurations = (
				016559C92D0C326200E663CA /* Debug */,
				016559CA2D0C326200E663CA /* Release */,
			);
			defaultConfigurationIsVisible = 0;
			defaultConfigurationName = Release;
		};
		016559CB2D0C326200E663CA /* Build configuration list for PBXNativeTarget "GtorTests" */ = {
			isa = XCConfigurationList;
			buildConfigurations = (
				016559CC2D0C326200E663CA /* Debug */,
				016559CD2D0C326200E663CA /* Release */,
			);
			defaultConfigurationIsVisible = 0;
			defaultConfigurationName = Release;
		};
		016559CE2D0C326200E663CA /* Build configuration list for PBXNativeTarget "GtorUITests" */ = {
			isa = XCConfigurationList;
			buildConfigurations = (
				016559CF2D0C326200E663CA /* Debug */,
				016559D02D0C326200E663CA /* Release */,
			);
			defaultConfigurationIsVisible = 0;
			defaultConfigurationName = Release;
		};
/* End XCConfigurationList section */

/* Begin XCRemoteSwiftPackageReference section */
		01655A2F2D0C42ED00E663CA /* XCRemoteSwiftPackageReference "GoogleSignIn-iOS" */ = {
			isa = XCRemoteSwiftPackageReference;
			repositoryURL = "https://github.com/google/GoogleSignIn-iOS.git";
			requirement = {
				kind = upToNextMajorVersion;
				minimumVersion = 8.0.0;
			};
		};
/* End XCRemoteSwiftPackageReference section */

/* Begin XCSwiftPackageProductDependency section */
		01655A302D0C42F700E663CA /* GoogleSignIn */ = {
			isa = XCSwiftPackageProductDependency;
			package = 01655A2F2D0C42ED00E663CA /* XCRemoteSwiftPackageReference "GoogleSignIn-iOS" */;
			productName = GoogleSignIn;
		};
		01655A322D0C42FB00E663CA /* GoogleSignInSwift */ = {
			isa = XCSwiftPackageProductDependency;
			package = 01655A2F2D0C42ED00E663CA /* XCRemoteSwiftPackageReference "GoogleSignIn-iOS" */;
			productName = GoogleSignInSwift;
		};
		01655A342D0C433200E663CA /* GoogleSignIn */ = {
			isa = XCSwiftPackageProductDependency;
			package = 01655A2F2D0C42ED00E663CA /* XCRemoteSwiftPackageReference "GoogleSignIn-iOS" */;
			productName = GoogleSignIn;
		};
		01655A362D0C433600E663CA /* GoogleSignInSwift */ = {
			isa = XCSwiftPackageProductDependency;
			package = 01655A2F2D0C42ED00E663CA /* XCRemoteSwiftPackageReference "GoogleSignIn-iOS" */;
			productName = GoogleSignInSwift;
		};
/* End XCSwiftPackageProductDependency section */
	};
	rootObject = 0165599C2D0C326100E663CA /* Project object */;
}
